
Microsoft Visual Studio Solution File, Format Version 12.00
# Visual Studio Version 16
VisualStudioVersion = 16.0.31005.135
MinimumVisualStudioVersion = 10.0.40219.1
Project("{FAE04EC0-301F-11D3-BF4B-00C04F79EFBC}") = "Tutorial", "Tutorial\Tutorial.csproj", "{D3760007-8AC2-479C-A965-690C2CFEF6EF}"
EndProject
Global
	GlobalSection(SolutionConfigurationPlatforms) = preSolution
		Debug|Any CPU = Debug|Any CPU
		Release|Any CPU = Release|Any CPU
	EndGlobalSection
	GlobalSection(ProjectConfigurationPlatforms) = postSolution
		{D3760007-8AC2-479C-A965-690C2CFEF6EF}.Debug|Any CPU.ActiveCfg = Debug|Any CPU
		{D3760007-8AC2-479C-A965-690C2CFEF6EF}.Debug|Any CPU.Build.0 = Debug|Any CPU
		{D3760007-8AC2-479C-A965-690C2CFEF6EF}.Release|Any CPU.ActiveCfg = Release|Any CPU
		{D3760007-8AC2-479C-A965-690C2CFEF6EF}.Release|Any CPU.Build.0 = Release|Any CPU
	EndGlobalSection
	GlobalSection(SolutionProperties) = preSolution
		HideSolutionNode = FALSE
	EndGlobalSection
	GlobalSection(ExtensibilityGlobals) = postSolution
		SolutionGuid = {CA4FE428-AB76-4044-BCDA-27E40531FDDC}
	EndGlobalSection
EndGlobal
